// !$*UTF8*$!
{
	archiveVersion = 1;
	classes = {
	};
	objectVersion = 51;
	objects = {

/* Begin PBXBuildFile section */
		2527440F22F96862002F1694 /* Date+.swift in Sources */ = {isa = PBXBuildFile; fileRef = 2527440E22F96862002F1694 /* Date+.swift */; };
		2527441122F968EC002F1694 /* APIServices.swift in Sources */ = {isa = PBXBuildFile; fileRef = 2527441022F968EC002F1694 /* APIServices.swift */; };
		2527441422F96927002F1694 /* ExamSchedule.swift in Sources */ = {isa = PBXBuildFile; fileRef = 2527441322F96927002F1694 /* ExamSchedule.swift */; };
		2527441822F96950002F1694 /* SubjectSchedule.swift in Sources */ = {isa = PBXBuildFile; fileRef = 2527441722F96950002F1694 /* SubjectSchedule.swift */; };
		2527441A22F96966002F1694 /* ExamScheduleNotification.swift in Sources */ = {isa = PBXBuildFile; fileRef = 2527441922F96966002F1694 /* ExamScheduleNotification.swift */; };
		2565AE8922F2D4B70003620A /* UIViewController+.swift in Sources */ = {isa = PBXBuildFile; fileRef = 2565AE8822F2D4B70003620A /* UIViewController+.swift */; };
		25688B4323053D0000DAF406 /* Response.swift in Sources */ = {isa = PBXBuildFile; fileRef = 25688B4223053D0000DAF406 /* Response.swift */; };
		25688B4623053F5F00DAF406 /* StudentRepository.swift in Sources */ = {isa = PBXBuildFile; fileRef = 25688B4523053F5F00DAF406 /* StudentRepository.swift */; };
		25688B4823053F9A00DAF406 /* LocalProtocol.swift in Sources */ = {isa = PBXBuildFile; fileRef = 25688B4723053F9A00DAF406 /* LocalProtocol.swift */; };
		25688B4B23053FE000DAF406 /* StudentLocalDataSource.swift in Sources */ = {isa = PBXBuildFile; fileRef = 25688B4A23053FE000DAF406 /* StudentLocalDataSource.swift */; };
		25727BE522FA6E9500D52A9D /* ExamScheduleController.swift in Sources */ = {isa = PBXBuildFile; fileRef = 25727BE422FA6E9500D52A9D /* ExamScheduleController.swift */; };
		25727BE922FA6F3800D52A9D /* ExamScheduleCell.swift in Sources */ = {isa = PBXBuildFile; fileRef = 25727BE722FA6F3800D52A9D /* ExamScheduleCell.swift */; };
		25727BEA22FA6F3800D52A9D /* ExamScheduleCell.xib in Resources */ = {isa = PBXBuildFile; fileRef = 25727BE822FA6F3800D52A9D /* ExamScheduleCell.xib */; };
		2592D1E822FAA52D00285C88 /* Int+.swift in Sources */ = {isa = PBXBuildFile; fileRef = 2592D1E722FAA52D00285C88 /* Int+.swift */; };
		25A5262D230B9D81002D0E35 /* Schedule.storyboard in Resources */ = {isa = PBXBuildFile; fileRef = 25A5262C230B9D81002D0E35 /* Schedule.storyboard */; };
		25A5262F230B9D8C002D0E35 /* CustomCalendarView.swift in Sources */ = {isa = PBXBuildFile; fileRef = 25A5262E230B9D8C002D0E35 /* CustomCalendarView.swift */; };
		25A52634230B9D9F002D0E35 /* LearningScheduleCell.swift in Sources */ = {isa = PBXBuildFile; fileRef = 25A52632230B9D9F002D0E35 /* LearningScheduleCell.swift */; };
		25A52635230B9D9F002D0E35 /* LearningScheduleCell.xib in Resources */ = {isa = PBXBuildFile; fileRef = 25A52633230B9D9F002D0E35 /* LearningScheduleCell.xib */; };
		25A5263A230B9DB1002D0E35 /* TimeSchedule.swift in Sources */ = {isa = PBXBuildFile; fileRef = 25A52637230B9DB1002D0E35 /* TimeSchedule.swift */; };
		25A5263B230B9DB1002D0E35 /* DaySchedule.swift in Sources */ = {isa = PBXBuildFile; fileRef = 25A52638230B9DB1002D0E35 /* DaySchedule.swift */; };
		25A5263C230B9DB1002D0E35 /* LearningSchedule.swift in Sources */ = {isa = PBXBuildFile; fileRef = 25A52639230B9DB1002D0E35 /* LearningSchedule.swift */; };
		25A5263E230B9F7D002D0E35 /* LearningScheduleController.swift in Sources */ = {isa = PBXBuildFile; fileRef = 25A5263D230B9F7D002D0E35 /* LearningScheduleController.swift */; };
		25F0CF8522F1E3BE00582ED1 /* HomeduSocket.swift in Sources */ = {isa = PBXBuildFile; fileRef = 25F0CF8422F1E3BE00582ED1 /* HomeduSocket.swift */; };
		85AA66753FD9A9C14601A849 /* Pods_HomeEdu.framework in Frameworks */ = {isa = PBXBuildFile; fileRef = BB863AFE16FD6C8B5A495B82 /* Pods_HomeEdu.framework */; };
		9B59B42B230A3476007E7B72 /* AllScoreView.swift in Sources */ = {isa = PBXBuildFile; fileRef = 9B59B42A230A3476007E7B72 /* AllScoreView.swift */; };
		9B59B42D230A34FA007E7B72 /* ScoreData.swift in Sources */ = {isa = PBXBuildFile; fileRef = 9B59B42C230A34FA007E7B72 /* ScoreData.swift */; };
		9B59B42F230A350D007E7B72 /* ScoreSubject.swift in Sources */ = {isa = PBXBuildFile; fileRef = 9B59B42E230A350D007E7B72 /* ScoreSubject.swift */; };
		9B59B431230A351E007E7B72 /* ScoreTerm.swift in Sources */ = {isa = PBXBuildFile; fileRef = 9B59B430230A351E007E7B72 /* ScoreTerm.swift */; };
		9B59B434230A3624007E7B72 /* AllScoreCell.swift in Sources */ = {isa = PBXBuildFile; fileRef = 9B59B432230A3624007E7B72 /* AllScoreCell.swift */; };
		9B59B435230A3624007E7B72 /* AllScoreCell.xib in Resources */ = {isa = PBXBuildFile; fileRef = 9B59B433230A3624007E7B72 /* AllScoreCell.xib */; };
		9B59B43B230A3C6E007E7B72 /* DetailScore.swift in Sources */ = {isa = PBXBuildFile; fileRef = 9B59B43A230A3C6E007E7B72 /* DetailScore.swift */; };
		9B648A8422F861E4006BC8F8 /* Localizable.strings in Resources */ = {isa = PBXBuildFile; fileRef = 9B648A8622F861E4006BC8F8 /* Localizable.strings */; };
		9B8209E2230D07E600128607 /* InfoEditResponse.swift in Sources */ = {isa = PBXBuildFile; fileRef = 9B8209E1230D07E600128607 /* InfoEditResponse.swift */; };
		9B8209E4230D082E00128607 /* EditStudentInfo.swift in Sources */ = {isa = PBXBuildFile; fileRef = 9B8209E3230D082E00128607 /* EditStudentInfo.swift */; };
		9BA1B16C22F83BA20007C6FE /* LoginViewController.swift in Sources */ = {isa = PBXBuildFile; fileRef = 9BA1B16822F83BA10007C6FE /* LoginViewController.swift */; };
		9BA1B16D22F83BA20007C6FE /* CustomButtonLogin.swift in Sources */ = {isa = PBXBuildFile; fileRef = 9BA1B16922F83BA10007C6FE /* CustomButtonLogin.swift */; };
		9BA1B16E22F83BA20007C6FE /* CustomUserPasswordView.swift in Sources */ = {isa = PBXBuildFile; fileRef = 9BA1B16A22F83BA10007C6FE /* CustomUserPasswordView.swift */; };
		9BA1B17622F83CE00007C6FE /* AccountRequest.swift in Sources */ = {isa = PBXBuildFile; fileRef = 9BA1B17422F83CE00007C6FE /* AccountRequest.swift */; };
		9BA1B17722F83CE00007C6FE /* Urls.swift in Sources */ = {isa = PBXBuildFile; fileRef = 9BA1B17522F83CE00007C6FE /* Urls.swift */; };
		9BA1B17B22F83D280007C6FE /* InfoResponse.swift in Sources */ = {isa = PBXBuildFile; fileRef = 9BA1B17822F83D280007C6FE /* InfoResponse.swift */; };
		9BA1B17C22F83D280007C6FE /* InfoAccount.swift in Sources */ = {isa = PBXBuildFile; fileRef = 9BA1B17922F83D280007C6FE /* InfoAccount.swift */; };
		9BA1B18022F83FA80007C6FE /* String+.swift in Sources */ = {isa = PBXBuildFile; fileRef = 9BA1B17F22F83FA80007C6FE /* String+.swift */; };
		9BA6940222F179460066A6E0 /* Constant.swift in Sources */ = {isa = PBXBuildFile; fileRef = 9BA6940122F179460066A6E0 /* Constant.swift */; };
		9BACC31222F02AEA008761FC /* AppDelegate.swift in Sources */ = {isa = PBXBuildFile; fileRef = 9BACC31122F02AEA008761FC /* AppDelegate.swift */; };
		9BACC31722F02AEA008761FC /* Main.storyboard in Resources */ = {isa = PBXBuildFile; fileRef = 9BACC31522F02AEA008761FC /* Main.storyboard */; };
		9BACC31922F02AEA008761FC /* Assets.xcassets in Resources */ = {isa = PBXBuildFile; fileRef = 9BACC31822F02AEA008761FC /* Assets.xcassets */; };
		9BACC31C22F02AEA008761FC /* LaunchScreen.storyboard in Resources */ = {isa = PBXBuildFile; fileRef = 9BACC31A22F02AEA008761FC /* LaunchScreen.storyboard */; };
		9BACC32F22F038C2008761FC /* StoryBoards.swift in Sources */ = {isa = PBXBuildFile; fileRef = 9BACC32E22F038C2008761FC /* StoryBoards.swift */; };
		9BACC33122F03927008761FC /* TabBar.storyboard in Resources */ = {isa = PBXBuildFile; fileRef = 9BACC33022F03927008761FC /* TabBar.storyboard */; };
		9BACC33322F03974008761FC /* ViewScore.storyboard in Resources */ = {isa = PBXBuildFile; fileRef = 9BACC33222F03974008761FC /* ViewScore.storyboard */; };
		9BACC33722F03992008761FC /* Account.storyboard in Resources */ = {isa = PBXBuildFile; fileRef = 9BACC33622F03992008761FC /* Account.storyboard */; };
		9BACC33922F039BA008761FC /* ExamSchedule.storyboard in Resources */ = {isa = PBXBuildFile; fileRef = 9BACC33822F039BA008761FC /* ExamSchedule.storyboard */; };
		9BACC33B22F039C4008761FC /* About.storyboard in Resources */ = {isa = PBXBuildFile; fileRef = 9BACC33A22F039C4008761FC /* About.storyboard */; };
		9BACC34A22F03C6D008761FC /* TabbarController.swift in Sources */ = {isa = PBXBuildFile; fileRef = 9BACC34922F03C6D008761FC /* TabbarController.swift */; };
		9BB24C2E230E5E4700F5E75F /* Param.swift in Sources */ = {isa = PBXBuildFile; fileRef = 9BB24C2D230E5E4700F5E75F /* Param.swift */; };
		9BB24C30230E84C900F5E75F /* InternetConnectivity.swift in Sources */ = {isa = PBXBuildFile; fileRef = 9BB24C2F230E84C900F5E75F /* InternetConnectivity.swift */; };
		9BBA734522F925A300A426E5 /* AboutViewController.swift in Sources */ = {isa = PBXBuildFile; fileRef = 9BBA734422F925A300A426E5 /* AboutViewController.swift */; };
		9BBA734722F925BE00A426E5 /* AboutHomeEdu.swift in Sources */ = {isa = PBXBuildFile; fileRef = 9BBA734622F925BE00A426E5 /* AboutHomeEdu.swift */; };
		9BD0081B230ACD23007E9A95 /* StudentInfoController.swift in Sources */ = {isa = PBXBuildFile; fileRef = 9BD0081A230ACD23007E9A95 /* StudentInfoController.swift */; };
		9BD0081E230AD1A0007E9A95 /* StudentInfoCell.swift in Sources */ = {isa = PBXBuildFile; fileRef = 9BD0081C230AD1A0007E9A95 /* StudentInfoCell.swift */; };
		9BD0081F230AD1A0007E9A95 /* StudentInfoCell.xib in Resources */ = {isa = PBXBuildFile; fileRef = 9BD0081D230AD1A0007E9A95 /* StudentInfoCell.xib */; };
		9BFB93BF23055A4D0001BAD0 /* ScoreProgressView.swift in Sources */ = {isa = PBXBuildFile; fileRef = 9BFB93BD23055A4D0001BAD0 /* ScoreProgressView.swift */; };
		9BFB93C023055A4D0001BAD0 /* ScoreViewController.swift in Sources */ = {isa = PBXBuildFile; fileRef = 9BFB93BE23055A4D0001BAD0 /* ScoreViewController.swift */; };
		9BFB93C423055AC00001BAD0 /* ScoreProgessValue.swift in Sources */ = {isa = PBXBuildFile; fileRef = 9BFB93C223055AC00001BAD0 /* ScoreProgessValue.swift */; };
		9BFB93C523055AC00001BAD0 /* ScoreProgress.swift in Sources */ = {isa = PBXBuildFile; fileRef = 9BFB93C323055AC00001BAD0 /* ScoreProgress.swift */; };
		9BFB93C923055B4B0001BAD0 /* ScoreProgessCell.xib in Resources */ = {isa = PBXBuildFile; fileRef = 9BFB93C723055B4B0001BAD0 /* ScoreProgessCell.xib */; };
		9BFB93CA23055B4B0001BAD0 /* ScoreProgessCell.swift in Sources */ = {isa = PBXBuildFile; fileRef = 9BFB93C823055B4B0001BAD0 /* ScoreProgessCell.swift */; };
/* End PBXBuildFile section */

/* Begin PBXFileReference section */
		2527440E22F96862002F1694 /* Date+.swift */ = {isa = PBXFileReference; lastKnownFileType = sourcecode.swift; path = "Date+.swift"; sourceTree = "<group>"; };
		2527441022F968EC002F1694 /* APIServices.swift */ = {isa = PBXFileReference; lastKnownFileType = sourcecode.swift; path = APIServices.swift; sourceTree = "<group>"; };
		2527441322F96927002F1694 /* ExamSchedule.swift */ = {isa = PBXFileReference; lastKnownFileType = sourcecode.swift; path = ExamSchedule.swift; sourceTree = "<group>"; };
		2527441722F96950002F1694 /* SubjectSchedule.swift */ = {isa = PBXFileReference; lastKnownFileType = sourcecode.swift; path = SubjectSchedule.swift; sourceTree = "<group>"; };
		2527441922F96966002F1694 /* ExamScheduleNotification.swift */ = {isa = PBXFileReference; lastKnownFileType = sourcecode.swift; path = ExamScheduleNotification.swift; sourceTree = "<group>"; };
		2565AE8822F2D4B70003620A /* UIViewController+.swift */ = {isa = PBXFileReference; lastKnownFileType = sourcecode.swift; name = "UIViewController+.swift"; path = "HomeEdu/Extensions/UIViewController+.swift"; sourceTree = SOURCE_ROOT; };
		25688B4223053D0000DAF406 /* Response.swift */ = {isa = PBXFileReference; lastKnownFileType = sourcecode.swift; path = Response.swift; sourceTree = "<group>"; };
		25688B4523053F5F00DAF406 /* StudentRepository.swift */ = {isa = PBXFileReference; lastKnownFileType = sourcecode.swift; path = StudentRepository.swift; sourceTree = "<group>"; };
		25688B4723053F9A00DAF406 /* LocalProtocol.swift */ = {isa = PBXFileReference; lastKnownFileType = sourcecode.swift; path = LocalProtocol.swift; sourceTree = "<group>"; };
		25688B4A23053FE000DAF406 /* StudentLocalDataSource.swift */ = {isa = PBXFileReference; lastKnownFileType = sourcecode.swift; path = StudentLocalDataSource.swift; sourceTree = "<group>"; };
		25727BE422FA6E9500D52A9D /* ExamScheduleController.swift */ = {isa = PBXFileReference; lastKnownFileType = sourcecode.swift; path = ExamScheduleController.swift; sourceTree = "<group>"; };
		25727BE722FA6F3800D52A9D /* ExamScheduleCell.swift */ = {isa = PBXFileReference; lastKnownFileType = sourcecode.swift; path = ExamScheduleCell.swift; sourceTree = "<group>"; };
		25727BE822FA6F3800D52A9D /* ExamScheduleCell.xib */ = {isa = PBXFileReference; lastKnownFileType = file.xib; path = ExamScheduleCell.xib; sourceTree = "<group>"; };
		2592D1E722FAA52D00285C88 /* Int+.swift */ = {isa = PBXFileReference; lastKnownFileType = sourcecode.swift; path = "Int+.swift"; sourceTree = "<group>"; };
		25A5262C230B9D81002D0E35 /* Schedule.storyboard */ = {isa = PBXFileReference; fileEncoding = 4; lastKnownFileType = file.storyboard; path = Schedule.storyboard; sourceTree = "<group>"; };
		25A5262E230B9D8C002D0E35 /* CustomCalendarView.swift */ = {isa = PBXFileReference; fileEncoding = 4; lastKnownFileType = sourcecode.swift; path = CustomCalendarView.swift; sourceTree = "<group>"; };
		25A52632230B9D9F002D0E35 /* LearningScheduleCell.swift */ = {isa = PBXFileReference; fileEncoding = 4; lastKnownFileType = sourcecode.swift; path = LearningScheduleCell.swift; sourceTree = "<group>"; };
		25A52633230B9D9F002D0E35 /* LearningScheduleCell.xib */ = {isa = PBXFileReference; fileEncoding = 4; lastKnownFileType = file.xib; path = LearningScheduleCell.xib; sourceTree = "<group>"; };
		25A52637230B9DB1002D0E35 /* TimeSchedule.swift */ = {isa = PBXFileReference; fileEncoding = 4; lastKnownFileType = sourcecode.swift; path = TimeSchedule.swift; sourceTree = "<group>"; };
		25A52638230B9DB1002D0E35 /* DaySchedule.swift */ = {isa = PBXFileReference; fileEncoding = 4; lastKnownFileType = sourcecode.swift; path = DaySchedule.swift; sourceTree = "<group>"; };
		25A52639230B9DB1002D0E35 /* LearningSchedule.swift */ = {isa = PBXFileReference; fileEncoding = 4; lastKnownFileType = sourcecode.swift; path = LearningSchedule.swift; sourceTree = "<group>"; };
		25A5263D230B9F7D002D0E35 /* LearningScheduleController.swift */ = {isa = PBXFileReference; fileEncoding = 4; lastKnownFileType = sourcecode.swift; path = LearningScheduleController.swift; sourceTree = "<group>"; };
		25F0CF8422F1E3BE00582ED1 /* HomeduSocket.swift */ = {isa = PBXFileReference; lastKnownFileType = sourcecode.swift; name = HomeduSocket.swift; path = Source/Socket/HomeduSocket.swift; sourceTree = SOURCE_ROOT; };
		3F47CA46F1CA5E36A3655AFC /* Pods-HomeEdu.staging.xcconfig */ = {isa = PBXFileReference; includeInIndex = 1; lastKnownFileType = text.xcconfig; name = "Pods-HomeEdu.staging.xcconfig"; path = "Target Support Files/Pods-HomeEdu/Pods-HomeEdu.staging.xcconfig"; sourceTree = "<group>"; };
		4E32C9F869AC96C114A65B78 /* Pods-HomeEdu.testing.xcconfig */ = {isa = PBXFileReference; includeInIndex = 1; lastKnownFileType = text.xcconfig; name = "Pods-HomeEdu.testing.xcconfig"; path = "Target Support Files/Pods-HomeEdu/Pods-HomeEdu.testing.xcconfig"; sourceTree = "<group>"; };
		86FF7CBA030B664F8C80DB3D /* Pods-HomeEdu.production.xcconfig */ = {isa = PBXFileReference; includeInIndex = 1; lastKnownFileType = text.xcconfig; name = "Pods-HomeEdu.production.xcconfig"; path = "Target Support Files/Pods-HomeEdu/Pods-HomeEdu.production.xcconfig"; sourceTree = "<group>"; };
		9B59B42A230A3476007E7B72 /* AllScoreView.swift */ = {isa = PBXFileReference; lastKnownFileType = sourcecode.swift; path = AllScoreView.swift; sourceTree = "<group>"; };
		9B59B42C230A34FA007E7B72 /* ScoreData.swift */ = {isa = PBXFileReference; lastKnownFileType = sourcecode.swift; path = ScoreData.swift; sourceTree = "<group>"; };
		9B59B42E230A350D007E7B72 /* ScoreSubject.swift */ = {isa = PBXFileReference; lastKnownFileType = sourcecode.swift; path = ScoreSubject.swift; sourceTree = "<group>"; };
		9B59B430230A351E007E7B72 /* ScoreTerm.swift */ = {isa = PBXFileReference; lastKnownFileType = sourcecode.swift; path = ScoreTerm.swift; sourceTree = "<group>"; };
		9B59B432230A3624007E7B72 /* AllScoreCell.swift */ = {isa = PBXFileReference; lastKnownFileType = sourcecode.swift; path = AllScoreCell.swift; sourceTree = "<group>"; };
		9B59B433230A3624007E7B72 /* AllScoreCell.xib */ = {isa = PBXFileReference; lastKnownFileType = file.xib; path = AllScoreCell.xib; sourceTree = "<group>"; };
		9B59B43A230A3C6E007E7B72 /* DetailScore.swift */ = {isa = PBXFileReference; lastKnownFileType = sourcecode.swift; path = DetailScore.swift; sourceTree = "<group>"; };
		9B648A7A22F860BD006BC8F8 /* vi */ = {isa = PBXFileReference; lastKnownFileType = text.plist.strings; name = vi; path = vi.lproj/Main.strings; sourceTree = "<group>"; };
		9B648A7B22F860BD006BC8F8 /* vi */ = {isa = PBXFileReference; lastKnownFileType = text.plist.strings; name = vi; path = vi.lproj/LaunchScreen.strings; sourceTree = "<group>"; };
		9B648A8522F861E4006BC8F8 /* en */ = {isa = PBXFileReference; lastKnownFileType = text.plist.strings; name = en; path = en.lproj/Localizable.strings; sourceTree = "<group>"; };
		9B648A8722F861E5006BC8F8 /* vi */ = {isa = PBXFileReference; lastKnownFileType = text.plist.strings; name = vi; path = vi.lproj/Localizable.strings; sourceTree = "<group>"; };
		9B8209E1230D07E600128607 /* InfoEditResponse.swift */ = {isa = PBXFileReference; lastKnownFileType = sourcecode.swift; path = InfoEditResponse.swift; sourceTree = "<group>"; };
		9B8209E3230D082E00128607 /* EditStudentInfo.swift */ = {isa = PBXFileReference; lastKnownFileType = sourcecode.swift; path = EditStudentInfo.swift; sourceTree = "<group>"; };
		9BA1B16822F83BA10007C6FE /* LoginViewController.swift */ = {isa = PBXFileReference; fileEncoding = 4; lastKnownFileType = sourcecode.swift; path = LoginViewController.swift; sourceTree = "<group>"; };
		9BA1B16922F83BA10007C6FE /* CustomButtonLogin.swift */ = {isa = PBXFileReference; fileEncoding = 4; lastKnownFileType = sourcecode.swift; path = CustomButtonLogin.swift; sourceTree = "<group>"; };
		9BA1B16A22F83BA10007C6FE /* CustomUserPasswordView.swift */ = {isa = PBXFileReference; fileEncoding = 4; lastKnownFileType = sourcecode.swift; path = CustomUserPasswordView.swift; sourceTree = "<group>"; };
		9BA1B17422F83CE00007C6FE /* AccountRequest.swift */ = {isa = PBXFileReference; fileEncoding = 4; lastKnownFileType = sourcecode.swift; path = AccountRequest.swift; sourceTree = "<group>"; };
		9BA1B17522F83CE00007C6FE /* Urls.swift */ = {isa = PBXFileReference; fileEncoding = 4; lastKnownFileType = sourcecode.swift; path = Urls.swift; sourceTree = "<group>"; };
		9BA1B17822F83D280007C6FE /* InfoResponse.swift */ = {isa = PBXFileReference; fileEncoding = 4; lastKnownFileType = sourcecode.swift; path = InfoResponse.swift; sourceTree = "<group>"; };
		9BA1B17922F83D280007C6FE /* InfoAccount.swift */ = {isa = PBXFileReference; fileEncoding = 4; lastKnownFileType = sourcecode.swift; path = InfoAccount.swift; sourceTree = "<group>"; };
		9BA1B17F22F83FA80007C6FE /* String+.swift */ = {isa = PBXFileReference; lastKnownFileType = sourcecode.swift; path = "String+.swift"; sourceTree = "<group>"; };
		9BA6940122F179460066A6E0 /* Constant.swift */ = {isa = PBXFileReference; lastKnownFileType = sourcecode.swift; path = Constant.swift; sourceTree = "<group>"; };
		9BACC30E22F02AEA008761FC /* HomeEdu.app */ = {isa = PBXFileReference; explicitFileType = wrapper.application; includeInIndex = 0; path = HomeEdu.app; sourceTree = BUILT_PRODUCTS_DIR; };
		9BACC31122F02AEA008761FC /* AppDelegate.swift */ = {isa = PBXFileReference; lastKnownFileType = sourcecode.swift; path = AppDelegate.swift; sourceTree = "<group>"; };
		9BACC31622F02AEA008761FC /* Base */ = {isa = PBXFileReference; lastKnownFileType = file.storyboard; name = Base; path = Base.lproj/Main.storyboard; sourceTree = "<group>"; };
		9BACC31822F02AEA008761FC /* Assets.xcassets */ = {isa = PBXFileReference; lastKnownFileType = folder.assetcatalog; path = Assets.xcassets; sourceTree = "<group>"; };
		9BACC31B22F02AEA008761FC /* Base */ = {isa = PBXFileReference; lastKnownFileType = file.storyboard; name = Base; path = Base.lproj/LaunchScreen.storyboard; sourceTree = "<group>"; };
		9BACC31D22F02AEA008761FC /* Info.plist */ = {isa = PBXFileReference; lastKnownFileType = text.plist.xml; path = Info.plist; sourceTree = "<group>"; };
		9BACC32E22F038C2008761FC /* StoryBoards.swift */ = {isa = PBXFileReference; lastKnownFileType = sourcecode.swift; path = StoryBoards.swift; sourceTree = "<group>"; };
		9BACC33022F03927008761FC /* TabBar.storyboard */ = {isa = PBXFileReference; lastKnownFileType = file.storyboard; path = TabBar.storyboard; sourceTree = "<group>"; };
		9BACC33222F03974008761FC /* ViewScore.storyboard */ = {isa = PBXFileReference; lastKnownFileType = file.storyboard; path = ViewScore.storyboard; sourceTree = "<group>"; };
		9BACC33622F03992008761FC /* Account.storyboard */ = {isa = PBXFileReference; lastKnownFileType = file.storyboard; path = Account.storyboard; sourceTree = "<group>"; };
		9BACC33822F039BA008761FC /* ExamSchedule.storyboard */ = {isa = PBXFileReference; lastKnownFileType = file.storyboard; path = ExamSchedule.storyboard; sourceTree = "<group>"; };
		9BACC33A22F039C4008761FC /* About.storyboard */ = {isa = PBXFileReference; lastKnownFileType = file.storyboard; path = About.storyboard; sourceTree = "<group>"; };
		9BACC34922F03C6D008761FC /* TabbarController.swift */ = {isa = PBXFileReference; lastKnownFileType = sourcecode.swift; path = TabbarController.swift; sourceTree = "<group>"; };
		9BB24C2D230E5E4700F5E75F /* Param.swift */ = {isa = PBXFileReference; lastKnownFileType = sourcecode.swift; path = Param.swift; sourceTree = "<group>"; };
		9BB24C2F230E84C900F5E75F /* InternetConnectivity.swift */ = {isa = PBXFileReference; lastKnownFileType = sourcecode.swift; path = InternetConnectivity.swift; sourceTree = "<group>"; };
		9BBA734422F925A300A426E5 /* AboutViewController.swift */ = {isa = PBXFileReference; lastKnownFileType = sourcecode.swift; path = AboutViewController.swift; sourceTree = "<group>"; };
		9BBA734622F925BE00A426E5 /* AboutHomeEdu.swift */ = {isa = PBXFileReference; lastKnownFileType = sourcecode.swift; path = AboutHomeEdu.swift; sourceTree = "<group>"; };
		9BD0081A230ACD23007E9A95 /* StudentInfoController.swift */ = {isa = PBXFileReference; lastKnownFileType = sourcecode.swift; path = StudentInfoController.swift; sourceTree = "<group>"; };
		9BD0081C230AD1A0007E9A95 /* StudentInfoCell.swift */ = {isa = PBXFileReference; lastKnownFileType = sourcecode.swift; path = StudentInfoCell.swift; sourceTree = "<group>"; };
		9BD0081D230AD1A0007E9A95 /* StudentInfoCell.xib */ = {isa = PBXFileReference; lastKnownFileType = file.xib; path = StudentInfoCell.xib; sourceTree = "<group>"; };
		9BFB93BD23055A4D0001BAD0 /* ScoreProgressView.swift */ = {isa = PBXFileReference; fileEncoding = 4; lastKnownFileType = sourcecode.swift; path = ScoreProgressView.swift; sourceTree = "<group>"; };
		9BFB93BE23055A4D0001BAD0 /* ScoreViewController.swift */ = {isa = PBXFileReference; fileEncoding = 4; lastKnownFileType = sourcecode.swift; path = ScoreViewController.swift; sourceTree = "<group>"; };
		9BFB93C223055AC00001BAD0 /* ScoreProgessValue.swift */ = {isa = PBXFileReference; fileEncoding = 4; lastKnownFileType = sourcecode.swift; path = ScoreProgessValue.swift; sourceTree = "<group>"; };
		9BFB93C323055AC00001BAD0 /* ScoreProgress.swift */ = {isa = PBXFileReference; fileEncoding = 4; lastKnownFileType = sourcecode.swift; path = ScoreProgress.swift; sourceTree = "<group>"; };
		9BFB93C723055B4B0001BAD0 /* ScoreProgessCell.xib */ = {isa = PBXFileReference; fileEncoding = 4; lastKnownFileType = file.xib; path = ScoreProgessCell.xib; sourceTree = "<group>"; };
		9BFB93C823055B4B0001BAD0 /* ScoreProgessCell.swift */ = {isa = PBXFileReference; fileEncoding = 4; lastKnownFileType = sourcecode.swift; path = ScoreProgessCell.swift; sourceTree = "<group>"; };
		9CD7AB7C67BB50A08B4BECB4 /* Pods-HomeEdu.release.xcconfig */ = {isa = PBXFileReference; includeInIndex = 1; lastKnownFileType = text.xcconfig; name = "Pods-HomeEdu.release.xcconfig"; path = "Target Support Files/Pods-HomeEdu/Pods-HomeEdu.release.xcconfig"; sourceTree = "<group>"; };
		BB863AFE16FD6C8B5A495B82 /* Pods_HomeEdu.framework */ = {isa = PBXFileReference; explicitFileType = wrapper.framework; includeInIndex = 0; path = Pods_HomeEdu.framework; sourceTree = BUILT_PRODUCTS_DIR; };
		E3BFFA2A92691491FC899AFF /* Pods-HomeEdu.debug.xcconfig */ = {isa = PBXFileReference; includeInIndex = 1; lastKnownFileType = text.xcconfig; name = "Pods-HomeEdu.debug.xcconfig"; path = "Target Support Files/Pods-HomeEdu/Pods-HomeEdu.debug.xcconfig"; sourceTree = "<group>"; };
/* End PBXFileReference section */

/* Begin PBXFrameworksBuildPhase section */
		9BACC30B22F02AEA008761FC /* Frameworks */ = {
			isa = PBXFrameworksBuildPhase;
			buildActionMask = 2147483647;
			files = (
				85AA66753FD9A9C14601A849 /* Pods_HomeEdu.framework in Frameworks */,
			);
			runOnlyForDeploymentPostprocessing = 0;
		};
/* End PBXFrameworksBuildPhase section */

/* Begin PBXGroup section */
		2527441222F96911002F1694 /* ExamSchedule */ = {
			isa = PBXGroup;
			children = (
				2527441322F96927002F1694 /* ExamSchedule.swift */,
				2527441722F96950002F1694 /* SubjectSchedule.swift */,
				2527441922F96966002F1694 /* ExamScheduleNotification.swift */,
			);
			path = ExamSchedule;
			sourceTree = "<group>";
		};
		25688B4123053CEC00DAF406 /* Response */ = {
			isa = PBXGroup;
			children = (
				25688B4223053D0000DAF406 /* Response.swift */,
			);
			path = Response;
			sourceTree = "<group>";
		};
		25688B4423053F3F00DAF406 /* Repositories */ = {
			isa = PBXGroup;
			children = (
				25688B4523053F5F00DAF406 /* StudentRepository.swift */,
				25688B4723053F9A00DAF406 /* LocalProtocol.swift */,
			);
			path = Repositories;
			sourceTree = "<group>";
		};
		25688B4923053FC900DAF406 /* DataSource */ = {
			isa = PBXGroup;
			children = (
				25688B4A23053FE000DAF406 /* StudentLocalDataSource.swift */,
			);
			path = DataSource;
			sourceTree = "<group>";
		};
		25727BE322FA6E7B00D52A9D /* ExamSchedule */ = {
			isa = PBXGroup;
			children = (
				25727BE422FA6E9500D52A9D /* ExamScheduleController.swift */,
			);
			path = ExamSchedule;
			sourceTree = "<group>";
		};
		25727BE622FA6EC600D52A9D /* ExamScheduleCell */ = {
			isa = PBXGroup;
			children = (
				25727BE722FA6F3800D52A9D /* ExamScheduleCell.swift */,
				25727BE822FA6F3800D52A9D /* ExamScheduleCell.xib */,
			);
			path = ExamScheduleCell;
			sourceTree = "<group>";
		};
		25A52630230B9D95002D0E35 /* LearningShedule */ = {
			isa = PBXGroup;
			children = (
				25A5263D230B9F7D002D0E35 /* LearningScheduleController.swift */,
			);
			path = LearningShedule;
			sourceTree = "<group>";
		};
		25A52631230B9D9F002D0E35 /* LearningScheduleCell */ = {
			isa = PBXGroup;
			children = (
				25A52632230B9D9F002D0E35 /* LearningScheduleCell.swift */,
				25A52633230B9D9F002D0E35 /* LearningScheduleCell.xib */,
			);
			path = LearningScheduleCell;
			sourceTree = "<group>";
		};
		25A52636230B9DB1002D0E35 /* LearningSchedule */ = {
			isa = PBXGroup;
			children = (
				25A52637230B9DB1002D0E35 /* TimeSchedule.swift */,
				25A52638230B9DB1002D0E35 /* DaySchedule.swift */,
				25A52639230B9DB1002D0E35 /* LearningSchedule.swift */,
			);
			path = LearningSchedule;
			sourceTree = "<group>";
		};
		25F0CF8322F1E35A00582ED1 /* Socket */ = {
			isa = PBXGroup;
			children = (
				25F0CF8422F1E3BE00582ED1 /* HomeduSocket.swift */,
			);
			path = Socket;
			sourceTree = "<group>";
		};
		262674F444D697575E6A5DC5 /* Pods */ = {
			isa = PBXGroup;
			children = (
				E3BFFA2A92691491FC899AFF /* Pods-HomeEdu.debug.xcconfig */,
				9CD7AB7C67BB50A08B4BECB4 /* Pods-HomeEdu.release.xcconfig */,
				86FF7CBA030B664F8C80DB3D /* Pods-HomeEdu.production.xcconfig */,
				4E32C9F869AC96C114A65B78 /* Pods-HomeEdu.testing.xcconfig */,
				3F47CA46F1CA5E36A3655AFC /* Pods-HomeEdu.staging.xcconfig */,
			);
			path = Pods;
			sourceTree = "<group>";
		};
		9B4091F8230A7D5F004C13B9 /* Account */ = {
			isa = PBXGroup;
			children = (
				9BD0081A230ACD23007E9A95 /* StudentInfoController.swift */,
				9B8209E3230D082E00128607 /* EditStudentInfo.swift */,
			);
			path = Account;
			sourceTree = "<group>";
		};
		9B4091FB230A7F35004C13B9 /* InfoStudentCell */ = {
			isa = PBXGroup;
			children = (
				9BD0081C230AD1A0007E9A95 /* StudentInfoCell.swift */,
				9BD0081D230AD1A0007E9A95 /* StudentInfoCell.xib */,
			);
			path = InfoStudentCell;
			sourceTree = "<group>";
		};
		9B6D1D35230A4DD6006ABE12 /* Account */ = {
			isa = PBXGroup;
			children = (
				9BA1B17822F83D280007C6FE /* InfoResponse.swift */,
				9BA1B17922F83D280007C6FE /* InfoAccount.swift */,
				9B8209E1230D07E600128607 /* InfoEditResponse.swift */,
			);
			path = Account;
			sourceTree = "<group>";
		};
		9BA1B16622F83BA10007C6FE /* Login */ = {
			isa = PBXGroup;
			children = (
				9BA1B16822F83BA10007C6FE /* LoginViewController.swift */,
			);
			path = Login;
			sourceTree = "<group>";
		};
		9BA1B17222F83CE00007C6FE /* API */ = {
			isa = PBXGroup;
			children = (
				9BA1B17522F83CE00007C6FE /* Urls.swift */,
				2527441022F968EC002F1694 /* APIServices.swift */,
				25688B4123053CEC00DAF406 /* Response */,
				9BA1B17322F83CE00007C6FE /* Request */,
			);
			path = API;
			sourceTree = "<group>";
		};
		9BA1B17322F83CE00007C6FE /* Request */ = {
			isa = PBXGroup;
			children = (
				9BA1B17422F83CE00007C6FE /* AccountRequest.swift */,
				9BB24C2D230E5E4700F5E75F /* Param.swift */,
				9BB24C2F230E84C900F5E75F /* InternetConnectivity.swift */,
			);
			path = Request;
			sourceTree = "<group>";
		};
		9BACC30522F02AEA008761FC = {
			isa = PBXGroup;
			children = (
				9BACC31022F02AEA008761FC /* HomeEdu */,
				9BACC30F22F02AEA008761FC /* Products */,
				262674F444D697575E6A5DC5 /* Pods */,
				EFEC22411F70878F35E1D05F /* Frameworks */,
			);
			sourceTree = "<group>";
		};
		9BACC30F22F02AEA008761FC /* Products */ = {
			isa = PBXGroup;
			children = (
				9BACC30E22F02AEA008761FC /* HomeEdu.app */,
			);
			name = Products;
			sourceTree = "<group>";
		};
		9BACC31022F02AEA008761FC /* HomeEdu */ = {
			isa = PBXGroup;
			children = (
				9BACC32722F02EB3008761FC /* Scenes */,
				9BACC32622F02EA6008761FC /* Extensions */,
				9BACC32522F02EA1008761FC /* App */,
				9BACC32422F02E9B008761FC /* Data */,
				9BACC32322F02E7D008761FC /* Support */,
				9BACC31822F02AEA008761FC /* Assets.xcassets */,
				9BACC31A22F02AEA008761FC /* LaunchScreen.storyboard */,
				9BACC31D22F02AEA008761FC /* Info.plist */,
				9B648A8622F861E4006BC8F8 /* Localizable.strings */,
			);
			path = HomeEdu;
			sourceTree = "<group>";
		};
		9BACC32322F02E7D008761FC /* Support */ = {
			isa = PBXGroup;
			children = (
				9BA6940122F179460066A6E0 /* Constant.swift */,
			);
			path = Support;
			sourceTree = "<group>";
		};
		9BACC32422F02E9B008761FC /* Data */ = {
			isa = PBXGroup;
			children = (
				25688B4923053FC900DAF406 /* DataSource */,
				25688B4423053F3F00DAF406 /* Repositories */,
				9BACC32922F02EEC008761FC /* Model */,
				9BACC32822F02EDF008761FC /* Source */,
			);
			path = Data;
			sourceTree = "<group>";
		};
		9BACC32522F02EA1008761FC /* App */ = {
			isa = PBXGroup;
			children = (
				9BACC31122F02AEA008761FC /* AppDelegate.swift */,
			);
			path = App;
			sourceTree = "<group>";
		};
		9BACC32622F02EA6008761FC /* Extensions */ = {
			isa = PBXGroup;
			children = (
				2565AE8822F2D4B70003620A /* UIViewController+.swift */,
				9BA1B17F22F83FA80007C6FE /* String+.swift */,
				2527440E22F96862002F1694 /* Date+.swift */,
				2592D1E722FAA52D00285C88 /* Int+.swift */,
			);
			path = Extensions;
			sourceTree = "<group>";
		};
		9BACC32722F02EB3008761FC /* Scenes */ = {
			isa = PBXGroup;
			children = (
				9BACC32D22F02F3D008761FC /* Storyboards */,
				9BACC32C22F02F37008761FC /* Common */,
				9BACC32B22F02F32008761FC /* Main */,
				9BACC32A22F02F2C008761FC /* Repo */,
			);
			path = Scenes;
			sourceTree = "<group>";
		};
		9BACC32822F02EDF008761FC /* Source */ = {
			isa = PBXGroup;
			children = (
				9BA1B17222F83CE00007C6FE /* API */,
				25F0CF8322F1E35A00582ED1 /* Socket */,
			);
			path = Source;
			sourceTree = "<group>";
		};
		9BACC32922F02EEC008761FC /* Model */ = {
			isa = PBXGroup;
			children = (
				25A52636230B9DB1002D0E35 /* LearningSchedule */,
				9B6D1D35230A4DD6006ABE12 /* Account */,
				9BFB93C123055A9B0001BAD0 /* ViewScore */,
				2527441222F96911002F1694 /* ExamSchedule */,
			);
			path = Model;
			sourceTree = "<group>";
		};
		9BACC32A22F02F2C008761FC /* Repo */ = {
			isa = PBXGroup;
			children = (
				25A52631230B9D9F002D0E35 /* LearningScheduleCell */,
				9B4091FB230A7F35004C13B9 /* InfoStudentCell */,
				9BFB93C623055B340001BAD0 /* ViewScoreCell */,
				25727BE622FA6EC600D52A9D /* ExamScheduleCell */,
			);
			path = Repo;
			sourceTree = "<group>";
		};
		9BACC32B22F02F32008761FC /* Main */ = {
			isa = PBXGroup;
			children = (
				25A52630230B9D95002D0E35 /* LearningShedule */,
				9B4091F8230A7D5F004C13B9 /* Account */,
				9BFB93BC23055A1D0001BAD0 /* ViewScore */,
				25727BE322FA6E7B00D52A9D /* ExamSchedule */,
				9BBA734322F9258500A426E5 /* About */,
				9BA1B16622F83BA10007C6FE /* Login */,
				9BACC34822F03C14008761FC /* TabBar */,
			);
			path = Main;
			sourceTree = "<group>";
		};
		9BACC32C22F02F37008761FC /* Common */ = {
			isa = PBXGroup;
			children = (
				25A5262E230B9D8C002D0E35 /* CustomCalendarView.swift */,
				9BA1B16A22F83BA10007C6FE /* CustomUserPasswordView.swift */,
				9BA1B16922F83BA10007C6FE /* CustomButtonLogin.swift */,
			);
			path = Common;
			sourceTree = "<group>";
		};
		9BACC32D22F02F3D008761FC /* Storyboards */ = {
			isa = PBXGroup;
			children = (
				9BACC32E22F038C2008761FC /* StoryBoards.swift */,
				9BACC31522F02AEA008761FC /* Main.storyboard */,
				9BACC33022F03927008761FC /* TabBar.storyboard */,
				9BACC33222F03974008761FC /* ViewScore.storyboard */,
				25A5262C230B9D81002D0E35 /* Schedule.storyboard */,
				9BACC33622F03992008761FC /* Account.storyboard */,
				9BACC33822F039BA008761FC /* ExamSchedule.storyboard */,
				9BACC33A22F039C4008761FC /* About.storyboard */,
			);
			path = Storyboards;
			sourceTree = "<group>";
		};
		9BACC34822F03C14008761FC /* TabBar */ = {
			isa = PBXGroup;
			children = (
				9BACC34922F03C6D008761FC /* TabbarController.swift */,
			);
			path = TabBar;
			sourceTree = "<group>";
		};
		9BBA734322F9258500A426E5 /* About */ = {
			isa = PBXGroup;
			children = (
				9BBA734422F925A300A426E5 /* AboutViewController.swift */,
				9BBA734622F925BE00A426E5 /* AboutHomeEdu.swift */,
			);
			path = About;
			sourceTree = "<group>";
		};
		9BFB93BC23055A1D0001BAD0 /* ViewScore */ = {
			isa = PBXGroup;
			children = (
				9BFB93BE23055A4D0001BAD0 /* ScoreViewController.swift */,
				9BFB93BD23055A4D0001BAD0 /* ScoreProgressView.swift */,
				9B59B42A230A3476007E7B72 /* AllScoreView.swift */,
				9B59B43A230A3C6E007E7B72 /* DetailScore.swift */,
			);
			path = ViewScore;
			sourceTree = "<group>";
		};
		9BFB93C123055A9B0001BAD0 /* ViewScore */ = {
			isa = PBXGroup;
			children = (
				9BFB93C323055AC00001BAD0 /* ScoreProgress.swift */,
				9BFB93C223055AC00001BAD0 /* ScoreProgessValue.swift */,
				9B59B42C230A34FA007E7B72 /* ScoreData.swift */,
				9B59B430230A351E007E7B72 /* ScoreTerm.swift */,
				9B59B42E230A350D007E7B72 /* ScoreSubject.swift */,
			);
			path = ViewScore;
			sourceTree = "<group>";
		};
		9BFB93C623055B340001BAD0 /* ViewScoreCell */ = {
			isa = PBXGroup;
			children = (
				9BFB93C823055B4B0001BAD0 /* ScoreProgessCell.swift */,
				9BFB93C723055B4B0001BAD0 /* ScoreProgessCell.xib */,
				9B59B432230A3624007E7B72 /* AllScoreCell.swift */,
				9B59B433230A3624007E7B72 /* AllScoreCell.xib */,
			);
			path = ViewScoreCell;
			sourceTree = "<group>";
		};
		EFEC22411F70878F35E1D05F /* Frameworks */ = {
			isa = PBXGroup;
			children = (
				BB863AFE16FD6C8B5A495B82 /* Pods_HomeEdu.framework */,
			);
			name = Frameworks;
			sourceTree = "<group>";
		};
/* End PBXGroup section */

/* Begin PBXNativeTarget section */
		9BACC30D22F02AEA008761FC /* HomeEdu */ = {
			isa = PBXNativeTarget;
			buildConfigurationList = 9BACC32022F02AEA008761FC /* Build configuration list for PBXNativeTarget "HomeEdu" */;
			buildPhases = (
				5D8B3D8C7DBD9AF697037D80 /* [CP] Check Pods Manifest.lock */,
				9BACC30A22F02AEA008761FC /* Sources */,
				9BACC30B22F02AEA008761FC /* Frameworks */,
				9BACC30C22F02AEA008761FC /* Resources */,
				D8BA7BEFCFAB9CA8D968F93B /* [CP] Embed Pods Frameworks */,
				25F8688022FBF8A400496FAA /* ShellScript */,
			);
			buildRules = (
			);
			dependencies = (
			);
			name = HomeEdu;
			productName = HomeEdu;
			productReference = 9BACC30E22F02AEA008761FC /* HomeEdu.app */;
			productType = "com.apple.product-type.application";
		};
/* End PBXNativeTarget section */

/* Begin PBXProject section */
		9BACC30622F02AEA008761FC /* Project object */ = {
			isa = PBXProject;
			attributes = {
				LastSwiftUpdateCheck = 1020;
				LastUpgradeCheck = 1020;
				ORGANIZATIONNAME = "Nguyen Cuong";
				TargetAttributes = {
					9BACC30D22F02AEA008761FC = {
						CreatedOnToolsVersion = 10.2.1;
					};
				};
			};
			buildConfigurationList = 9BACC30922F02AEA008761FC /* Build configuration list for PBXProject "HomeEdu" */;
			compatibilityVersion = "Xcode 9.3";
			developmentRegion = en;
			hasScannedForEncodings = 0;
			knownRegions = (
				en,
				Base,
				vi,
			);
			mainGroup = 9BACC30522F02AEA008761FC;
			productRefGroup = 9BACC30F22F02AEA008761FC /* Products */;
			projectDirPath = "";
			projectRoot = "";
			targets = (
				9BACC30D22F02AEA008761FC /* HomeEdu */,
			);
		};
/* End PBXProject section */

/* Begin PBXResourcesBuildPhase section */
		9BACC30C22F02AEA008761FC /* Resources */ = {
			isa = PBXResourcesBuildPhase;
			buildActionMask = 2147483647;
			files = (
				9BACC33722F03992008761FC /* Account.storyboard in Resources */,
				9BACC33322F03974008761FC /* ViewScore.storyboard in Resources */,
				9BACC33122F03927008761FC /* TabBar.storyboard in Resources */,
				9BACC31C22F02AEA008761FC /* LaunchScreen.storyboard in Resources */,
				9BFB93C923055B4B0001BAD0 /* ScoreProgessCell.xib in Resources */,
				25727BEA22FA6F3800D52A9D /* ExamScheduleCell.xib in Resources */,
				9BACC31922F02AEA008761FC /* Assets.xcassets in Resources */,
				25A5262D230B9D81002D0E35 /* Schedule.storyboard in Resources */,
				9B648A8422F861E4006BC8F8 /* Localizable.strings in Resources */,
				9BACC33B22F039C4008761FC /* About.storyboard in Resources */,
				9BACC33922F039BA008761FC /* ExamSchedule.storyboard in Resources */,
				25A52635230B9D9F002D0E35 /* LearningScheduleCell.xib in Resources */,
				9BACC31722F02AEA008761FC /* Main.storyboard in Resources */,
				9B59B435230A3624007E7B72 /* AllScoreCell.xib in Resources */,
				9BD0081F230AD1A0007E9A95 /* StudentInfoCell.xib in Resources */,
			);
			runOnlyForDeploymentPostprocessing = 0;
		};
/* End PBXResourcesBuildPhase section */

/* Begin PBXShellScriptBuildPhase section */
		25F8688022FBF8A400496FAA /* ShellScript */ = {
			isa = PBXShellScriptBuildPhase;
			buildActionMask = 2147483647;
			files = (
			);
			inputFileListPaths = (
			);
			inputPaths = (
			);
			outputFileListPaths = (
			);
			outputPaths = (
			);
			runOnlyForDeploymentPostprocessing = 0;
			shellPath = /bin/sh;
			shellScript = "if which swiftlint >/dev/null; then\n    swiftlint\nelse\n    echo \"warning: SwiftLint not installed, download from https://github.com/realm/SwiftLint\"\nfi\n";
		};
		5D8B3D8C7DBD9AF697037D80 /* [CP] Check Pods Manifest.lock */ = {
			isa = PBXShellScriptBuildPhase;
			buildActionMask = 2147483647;
			files = (
			);
			inputFileListPaths = (
			);
			inputPaths = (
				"${PODS_PODFILE_DIR_PATH}/Podfile.lock",
				"${PODS_ROOT}/Manifest.lock",
			);
			name = "[CP] Check Pods Manifest.lock";
			outputFileListPaths = (
			);
			outputPaths = (
				"$(DERIVED_FILE_DIR)/Pods-HomeEdu-checkManifestLockResult.txt",
			);
			runOnlyForDeploymentPostprocessing = 0;
			shellPath = /bin/sh;
			shellScript = "diff \"${PODS_PODFILE_DIR_PATH}/Podfile.lock\" \"${PODS_ROOT}/Manifest.lock\" > /dev/null\nif [ $? != 0 ] ; then\n    # print error to STDERR\n    echo \"error: The sandbox is not in sync with the Podfile.lock. Run 'pod install' or update your CocoaPods installation.\" >&2\n    exit 1\nfi\n# This output is used by Xcode 'outputs' to avoid re-running this script phase.\necho \"SUCCESS\" > \"${SCRIPT_OUTPUT_FILE_0}\"\n";
			showEnvVarsInLog = 0;
		};
		D8BA7BEFCFAB9CA8D968F93B /* [CP] Embed Pods Frameworks */ = {
			isa = PBXShellScriptBuildPhase;
			buildActionMask = 2147483647;
			files = (
			);
			inputFileListPaths = (
				"${PODS_ROOT}/Target Support Files/Pods-HomeEdu/Pods-HomeEdu-frameworks-${CONFIGURATION}-input-files.xcfilelist",
			);
			name = "[CP] Embed Pods Frameworks";
			outputFileListPaths = (
				"${PODS_ROOT}/Target Support Files/Pods-HomeEdu/Pods-HomeEdu-frameworks-${CONFIGURATION}-output-files.xcfilelist",
			);
			runOnlyForDeploymentPostprocessing = 0;
			shellPath = /bin/sh;
			shellScript = "\"${PODS_ROOT}/Target Support Files/Pods-HomeEdu/Pods-HomeEdu-frameworks.sh\"\n";
			showEnvVarsInLog = 0;
		};
/* End PBXShellScriptBuildPhase section */

/* Begin PBXSourcesBuildPhase section */
		9BACC30A22F02AEA008761FC /* Sources */ = {
			isa = PBXSourcesBuildPhase;
			buildActionMask = 2147483647;
			files = (
				9BA1B16C22F83BA20007C6FE /* LoginViewController.swift in Sources */,
				2527441422F96927002F1694 /* ExamSchedule.swift in Sources */,
				9BACC32F22F038C2008761FC /* StoryBoards.swift in Sources */,
				9BA1B16D22F83BA20007C6FE /* CustomButtonLogin.swift in Sources */,
				9BA1B17622F83CE00007C6FE /* AccountRequest.swift in Sources */,
				25A5263A230B9DB1002D0E35 /* TimeSchedule.swift in Sources */,
				2527441822F96950002F1694 /* SubjectSchedule.swift in Sources */,
				9B8209E4230D082E00128607 /* EditStudentInfo.swift in Sources */,
				9B59B431230A351E007E7B72 /* ScoreTerm.swift in Sources */,
				25A5263C230B9DB1002D0E35 /* LearningSchedule.swift in Sources */,
				9BFB93BF23055A4D0001BAD0 /* ScoreProgressView.swift in Sources */,
				9BFB93C523055AC00001BAD0 /* ScoreProgress.swift in Sources */,
				25A5263B230B9DB1002D0E35 /* DaySchedule.swift in Sources */,
				9BACC34A22F03C6D008761FC /* TabbarController.swift in Sources */,
				25688B4823053F9A00DAF406 /* LocalProtocol.swift in Sources */,
				9BB24C30230E84C900F5E75F /* InternetConnectivity.swift in Sources */,
				25A52634230B9D9F002D0E35 /* LearningScheduleCell.swift in Sources */,
				25A5262F230B9D8C002D0E35 /* CustomCalendarView.swift in Sources */,
				2565AE8922F2D4B70003620A /* UIViewController+.swift in Sources */,
				9BD0081B230ACD23007E9A95 /* StudentInfoController.swift in Sources */,
				9BACC31222F02AEA008761FC /* AppDelegate.swift in Sources */,
				25727BE922FA6F3800D52A9D /* ExamScheduleCell.swift in Sources */,
				25688B4623053F5F00DAF406 /* StudentRepository.swift in Sources */,
				9BFB93C423055AC00001BAD0 /* ScoreProgessValue.swift in Sources */,
				25F0CF8522F1E3BE00582ED1 /* HomeduSocket.swift in Sources */,
				2527440F22F96862002F1694 /* Date+.swift in Sources */,
				9BD0081E230AD1A0007E9A95 /* StudentInfoCell.swift in Sources */,
				25A5263E230B9F7D002D0E35 /* LearningScheduleController.swift in Sources */,
				9B59B43B230A3C6E007E7B72 /* DetailScore.swift in Sources */,
				25688B4323053D0000DAF406 /* Response.swift in Sources */,
				25688B4B23053FE000DAF406 /* StudentLocalDataSource.swift in Sources */,
				9B59B434230A3624007E7B72 /* AllScoreCell.swift in Sources */,
				9BA1B18022F83FA80007C6FE /* String+.swift in Sources */,
				9BB24C2E230E5E4700F5E75F /* Param.swift in Sources */,
				9B59B42B230A3476007E7B72 /* AllScoreView.swift in Sources */,
				9BFB93C023055A4D0001BAD0 /* ScoreViewController.swift in Sources */,
				9BA1B17C22F83D280007C6FE /* InfoAccount.swift in Sources */,
				2592D1E822FAA52D00285C88 /* Int+.swift in Sources */,
				9B8209E2230D07E600128607 /* InfoEditResponse.swift in Sources */,
				9BA1B17722F83CE00007C6FE /* Urls.swift in Sources */,
				2527441122F968EC002F1694 /* APIServices.swift in Sources */,
				9BA6940222F179460066A6E0 /* Constant.swift in Sources */,
				9B59B42D230A34FA007E7B72 /* ScoreData.swift in Sources */,
				9BA1B17B22F83D280007C6FE /* InfoResponse.swift in Sources */,
				9BBA734722F925BE00A426E5 /* AboutHomeEdu.swift in Sources */,
				25727BE522FA6E9500D52A9D /* ExamScheduleController.swift in Sources */,
				9BFB93CA23055B4B0001BAD0 /* ScoreProgessCell.swift in Sources */,
				9B59B42F230A350D007E7B72 /* ScoreSubject.swift in Sources */,
				9BBA734522F925A300A426E5 /* AboutViewController.swift in Sources */,
				9BA1B16E22F83BA20007C6FE /* CustomUserPasswordView.swift in Sources */,
				2527441A22F96966002F1694 /* ExamScheduleNotification.swift in Sources */,
			);
			runOnlyForDeploymentPostprocessing = 0;
		};
/* End PBXSourcesBuildPhase section */

/* Begin PBXVariantGroup section */
		9B648A8622F861E4006BC8F8 /* Localizable.strings */ = {
			isa = PBXVariantGroup;
			children = (
				9B648A8522F861E4006BC8F8 /* en */,
				9B648A8722F861E5006BC8F8 /* vi */,
			);
			name = Localizable.strings;
			sourceTree = "<group>";
		};
		9BACC31522F02AEA008761FC /* Main.storyboard */ = {
			isa = PBXVariantGroup;
			children = (
				9BACC31622F02AEA008761FC /* Base */,
				9B648A7A22F860BD006BC8F8 /* vi */,
			);
			name = Main.storyboard;
			sourceTree = "<group>";
		};
		9BACC31A22F02AEA008761FC /* LaunchScreen.storyboard */ = {
			isa = PBXVariantGroup;
			children = (
				9BACC31B22F02AEA008761FC /* Base */,
				9B648A7B22F860BD006BC8F8 /* vi */,
			);
			name = LaunchScreen.storyboard;
			sourceTree = "<group>";
		};
/* End PBXVariantGroup section */

/* Begin XCBuildConfiguration section */
		2565AE7122F292B00003620A /* Staging */ = {
			isa = XCBuildConfiguration;
			buildSettings = {
				ALWAYS_SEARCH_USER_PATHS = NO;
				CLANG_ANALYZER_LOCALIZABILITY_NONLOCALIZED = YES;
				CLANG_ANALYZER_NONNULL = YES;
				CLANG_ANALYZER_NUMBER_OBJECT_CONVERSION = YES_AGGRESSIVE;
				CLANG_CXX_LANGUAGE_STANDARD = "gnu++14";
				CLANG_CXX_LIBRARY = "libc++";
				CLANG_ENABLE_MODULES = YES;
				CLANG_ENABLE_OBJC_ARC = YES;
				CLANG_ENABLE_OBJC_WEAK = YES;
				CLANG_WARN_BLOCK_CAPTURE_AUTORELEASING = YES;
				CLANG_WARN_BOOL_CONVERSION = YES;
				CLANG_WARN_COMMA = YES;
				CLANG_WARN_CONSTANT_CONVERSION = YES;
				CLANG_WARN_DEPRECATED_OBJC_IMPLEMENTATIONS = YES;
				CLANG_WARN_DIRECT_OBJC_ISA_USAGE = YES_ERROR;
				CLANG_WARN_DOCUMENTATION_COMMENTS = YES;
				CLANG_WARN_EMPTY_BODY = YES;
				CLANG_WARN_ENUM_CONVERSION = YES;
				CLANG_WARN_INFINITE_RECURSION = YES;
				CLANG_WARN_INT_CONVERSION = YES;
				CLANG_WARN_NON_LITERAL_NULL_CONVERSION = YES;
				CLANG_WARN_OBJC_IMPLICIT_RETAIN_SELF = YES;
				CLANG_WARN_OBJC_LITERAL_CONVERSION = YES;
				CLANG_WARN_OBJC_ROOT_CLASS = YES_ERROR;
				CLANG_WARN_RANGE_LOOP_ANALYSIS = YES;
				CLANG_WARN_STRICT_PROTOTYPES = YES;
				CLANG_WARN_SUSPICIOUS_MOVE = YES;
				CLANG_WARN_UNGUARDED_AVAILABILITY = YES_AGGRESSIVE;
				CLANG_WARN_UNREACHABLE_CODE = YES;
				CLANG_WARN__DUPLICATE_METHOD_MATCH = YES;
				CODE_SIGN_IDENTITY = "iPhone Developer";
				COPY_PHASE_STRIP = NO;
				DEBUG_INFORMATION_FORMAT = dwarf;
				ENABLE_STRICT_OBJC_MSGSEND = YES;
				ENABLE_TESTABILITY = YES;
				GCC_C_LANGUAGE_STANDARD = gnu11;
				GCC_DYNAMIC_NO_PIC = NO;
				GCC_NO_COMMON_BLOCKS = YES;
				GCC_OPTIMIZATION_LEVEL = 0;
				GCC_PREPROCESSOR_DEFINITIONS = (
					"DEBUG=1",
					"$(inherited)",
				);
				GCC_WARN_64_TO_32_BIT_CONVERSION = YES;
				GCC_WARN_ABOUT_RETURN_TYPE = YES_ERROR;
				GCC_WARN_UNDECLARED_SELECTOR = YES;
				GCC_WARN_UNINITIALIZED_AUTOS = YES_AGGRESSIVE;
				GCC_WARN_UNUSED_FUNCTION = YES;
				GCC_WARN_UNUSED_VARIABLE = YES;
				IPHONEOS_DEPLOYMENT_TARGET = 12.2;
				MTL_ENABLE_DEBUG_INFO = INCLUDE_SOURCE;
				MTL_FAST_MATH = YES;
				ONLY_ACTIVE_ARCH = YES;
				SDKROOT = iphoneos;
				SWIFT_ACTIVE_COMPILATION_CONDITIONS = DEBUG;
				SWIFT_OPTIMIZATION_LEVEL = "-Onone";
			};
			name = Staging;
		};
		2565AE7222F292B00003620A /* Staging */ = {
			isa = XCBuildConfiguration;
			baseConfigurationReference = 3F47CA46F1CA5E36A3655AFC /* Pods-HomeEdu.staging.xcconfig */;
			buildSettings = {
				ASSETCATALOG_COMPILER_APPICON_NAME = AppIcon;
				CODE_SIGN_STYLE = Manual;
				DEVELOPMENT_TEAM = "";
				INFOPLIST_FILE = HomeEdu/Info.plist;
				LD_RUNPATH_SEARCH_PATHS = (
					"$(inherited)",
					"@executable_path/Frameworks",
				);
				PRODUCT_BUNDLE_IDENTIFIER = com.homedu.staging;
				PRODUCT_NAME = "$(TARGET_NAME)";
				PROVISIONING_PROFILE_SPECIFIER = "";
				SWIFT_INCLUDE_PATHS = "-DStaging";
				SWIFT_VERSION = 5.0;
				TARGETED_DEVICE_FAMILY = "1,2";
			};
			name = Staging;
		};
		2565AE7322F292BA0003620A /* Testing */ = {
			isa = XCBuildConfiguration;
			buildSettings = {
				ALWAYS_SEARCH_USER_PATHS = NO;
				CLANG_ANALYZER_LOCALIZABILITY_NONLOCALIZED = YES;
				CLANG_ANALYZER_NONNULL = YES;
				CLANG_ANALYZER_NUMBER_OBJECT_CONVERSION = YES_AGGRESSIVE;
				CLANG_CXX_LANGUAGE_STANDARD = "gnu++14";
				CLANG_CXX_LIBRARY = "libc++";
				CLANG_ENABLE_MODULES = YES;
				CLANG_ENABLE_OBJC_ARC = YES;
				CLANG_ENABLE_OBJC_WEAK = YES;
				CLANG_WARN_BLOCK_CAPTURE_AUTORELEASING = YES;
				CLANG_WARN_BOOL_CONVERSION = YES;
				CLANG_WARN_COMMA = YES;
				CLANG_WARN_CONSTANT_CONVERSION = YES;
				CLANG_WARN_DEPRECATED_OBJC_IMPLEMENTATIONS = YES;
				CLANG_WARN_DIRECT_OBJC_ISA_USAGE = YES_ERROR;
				CLANG_WARN_DOCUMENTATION_COMMENTS = YES;
				CLANG_WARN_EMPTY_BODY = YES;
				CLANG_WARN_ENUM_CONVERSION = YES;
				CLANG_WARN_INFINITE_RECURSION = YES;
				CLANG_WARN_INT_CONVERSION = YES;
				CLANG_WARN_NON_LITERAL_NULL_CONVERSION = YES;
				CLANG_WARN_OBJC_IMPLICIT_RETAIN_SELF = YES;
				CLANG_WARN_OBJC_LITERAL_CONVERSION = YES;
				CLANG_WARN_OBJC_ROOT_CLASS = YES_ERROR;
				CLANG_WARN_RANGE_LOOP_ANALYSIS = YES;
				CLANG_WARN_STRICT_PROTOTYPES = YES;
				CLANG_WARN_SUSPICIOUS_MOVE = YES;
				CLANG_WARN_UNGUARDED_AVAILABILITY = YES_AGGRESSIVE;
				CLANG_WARN_UNREACHABLE_CODE = YES;
				CLANG_WARN__DUPLICATE_METHOD_MATCH = YES;
				CODE_SIGN_IDENTITY = "iPhone Developer";
				COPY_PHASE_STRIP = NO;
				DEBUG_INFORMATION_FORMAT = dwarf;
				ENABLE_STRICT_OBJC_MSGSEND = YES;
				ENABLE_TESTABILITY = YES;
				GCC_C_LANGUAGE_STANDARD = gnu11;
				GCC_DYNAMIC_NO_PIC = NO;
				GCC_NO_COMMON_BLOCKS = YES;
				GCC_OPTIMIZATION_LEVEL = 0;
				GCC_PREPROCESSOR_DEFINITIONS = (
					"DEBUG=1",
					"$(inherited)",
				);
				GCC_WARN_64_TO_32_BIT_CONVERSION = YES;
				GCC_WARN_ABOUT_RETURN_TYPE = YES_ERROR;
				GCC_WARN_UNDECLARED_SELECTOR = YES;
				GCC_WARN_UNINITIALIZED_AUTOS = YES_AGGRESSIVE;
				GCC_WARN_UNUSED_FUNCTION = YES;
				GCC_WARN_UNUSED_VARIABLE = YES;
				IPHONEOS_DEPLOYMENT_TARGET = 12.2;
				MTL_ENABLE_DEBUG_INFO = INCLUDE_SOURCE;
				MTL_FAST_MATH = YES;
				ONLY_ACTIVE_ARCH = YES;
				SDKROOT = iphoneos;
				SWIFT_ACTIVE_COMPILATION_CONDITIONS = DEBUG;
				SWIFT_OPTIMIZATION_LEVEL = "-Onone";
			};
			name = Testing;
		};
		2565AE7422F292BA0003620A /* Testing */ = {
			isa = XCBuildConfiguration;
			baseConfigurationReference = 4E32C9F869AC96C114A65B78 /* Pods-HomeEdu.testing.xcconfig */;
			buildSettings = {
				ASSETCATALOG_COMPILER_APPICON_NAME = AppIcon;
				CODE_SIGN_STYLE = Manual;
				DEVELOPMENT_TEAM = "";
				INFOPLIST_FILE = HomeEdu/Info.plist;
				LD_RUNPATH_SEARCH_PATHS = (
					"$(inherited)",
					"@executable_path/Frameworks",
				);
				PRODUCT_BUNDLE_IDENTIFIER = com.homedu.testing;
				PRODUCT_NAME = "$(TARGET_NAME)";
				PROVISIONING_PROFILE_SPECIFIER = "";
				SWIFT_INCLUDE_PATHS = "-DTesting";
				SWIFT_VERSION = 5.0;
				TARGETED_DEVICE_FAMILY = "1,2";
			};
			name = Testing;
		};
		2565AE7522F292BF0003620A /* Production */ = {
			isa = XCBuildConfiguration;
			buildSettings = {
				ALWAYS_SEARCH_USER_PATHS = NO;
				CLANG_ANALYZER_LOCALIZABILITY_NONLOCALIZED = YES;
				CLANG_ANALYZER_NONNULL = YES;
				CLANG_ANALYZER_NUMBER_OBJECT_CONVERSION = YES_AGGRESSIVE;
				CLANG_CXX_LANGUAGE_STANDARD = "gnu++14";
				CLANG_CXX_LIBRARY = "libc++";
				CLANG_ENABLE_MODULES = YES;
				CLANG_ENABLE_OBJC_ARC = YES;
				CLANG_ENABLE_OBJC_WEAK = YES;
				CLANG_WARN_BLOCK_CAPTURE_AUTORELEASING = YES;
				CLANG_WARN_BOOL_CONVERSION = YES;
				CLANG_WARN_COMMA = YES;
				CLANG_WARN_CONSTANT_CONVERSION = YES;
				CLANG_WARN_DEPRECATED_OBJC_IMPLEMENTATIONS = YES;
				CLANG_WARN_DIRECT_OBJC_ISA_USAGE = YES_ERROR;
				CLANG_WARN_DOCUMENTATION_COMMENTS = YES;
				CLANG_WARN_EMPTY_BODY = YES;
				CLANG_WARN_ENUM_CONVERSION = YES;
				CLANG_WARN_INFINITE_RECURSION = YES;
				CLANG_WARN_INT_CONVERSION = YES;
				CLANG_WARN_NON_LITERAL_NULL_CONVERSION = YES;
				CLANG_WARN_OBJC_IMPLICIT_RETAIN_SELF = YES;
				CLANG_WARN_OBJC_LITERAL_CONVERSION = YES;
				CLANG_WARN_OBJC_ROOT_CLASS = YES_ERROR;
				CLANG_WARN_RANGE_LOOP_ANALYSIS = YES;
				CLANG_WARN_STRICT_PROTOTYPES = YES;
				CLANG_WARN_SUSPICIOUS_MOVE = YES;
				CLANG_WARN_UNGUARDED_AVAILABILITY = YES_AGGRESSIVE;
				CLANG_WARN_UNREACHABLE_CODE = YES;
				CLANG_WARN__DUPLICATE_METHOD_MATCH = YES;
				CODE_SIGN_IDENTITY = "iPhone Developer";
				COPY_PHASE_STRIP = NO;
				DEBUG_INFORMATION_FORMAT = dwarf;
				ENABLE_STRICT_OBJC_MSGSEND = YES;
				ENABLE_TESTABILITY = YES;
				GCC_C_LANGUAGE_STANDARD = gnu11;
				GCC_DYNAMIC_NO_PIC = NO;
				GCC_NO_COMMON_BLOCKS = YES;
				GCC_OPTIMIZATION_LEVEL = 0;
				GCC_PREPROCESSOR_DEFINITIONS = (
					"DEBUG=1",
					"$(inherited)",
				);
				GCC_WARN_64_TO_32_BIT_CONVERSION = YES;
				GCC_WARN_ABOUT_RETURN_TYPE = YES_ERROR;
				GCC_WARN_UNDECLARED_SELECTOR = YES;
				GCC_WARN_UNINITIALIZED_AUTOS = YES_AGGRESSIVE;
				GCC_WARN_UNUSED_FUNCTION = YES;
				GCC_WARN_UNUSED_VARIABLE = YES;
				IPHONEOS_DEPLOYMENT_TARGET = 12.2;
				MTL_ENABLE_DEBUG_INFO = INCLUDE_SOURCE;
				MTL_FAST_MATH = YES;
				ONLY_ACTIVE_ARCH = YES;
				SDKROOT = iphoneos;
				SWIFT_ACTIVE_COMPILATION_CONDITIONS = DEBUG;
				SWIFT_OPTIMIZATION_LEVEL = "-Onone";
			};
			name = Production;
		};
		2565AE7622F292BF0003620A /* Production */ = {
			isa = XCBuildConfiguration;
			baseConfigurationReference = 86FF7CBA030B664F8C80DB3D /* Pods-HomeEdu.production.xcconfig */;
			buildSettings = {
				ASSETCATALOG_COMPILER_APPICON_NAME = AppIcon;
				CODE_SIGN_STYLE = Manual;
				DEVELOPMENT_TEAM = "";
				INFOPLIST_FILE = HomeEdu/Info.plist;
				LD_RUNPATH_SEARCH_PATHS = (
					"$(inherited)",
					"@executable_path/Frameworks",
				);
				PRODUCT_BUNDLE_IDENTIFIER = com.homedu.production;
				PRODUCT_NAME = "$(TARGET_NAME)";
				PROVISIONING_PROFILE_SPECIFIER = "";
				SWIFT_INCLUDE_PATHS = "-DProduction";
				SWIFT_VERSION = 5.0;
				TARGETED_DEVICE_FAMILY = "1,2";
			};
			name = Production;
		};
		9BACC31E22F02AEA008761FC /* Debug */ = {
			isa = XCBuildConfiguration;
			buildSettings = {
				ALWAYS_SEARCH_USER_PATHS = NO;
				CLANG_ANALYZER_LOCALIZABILITY_NONLOCALIZED = YES;
				CLANG_ANALYZER_NONNULL = YES;
				CLANG_ANALYZER_NUMBER_OBJECT_CONVERSION = YES_AGGRESSIVE;
				CLANG_CXX_LANGUAGE_STANDARD = "gnu++14";
				CLANG_CXX_LIBRARY = "libc++";
				CLANG_ENABLE_MODULES = YES;
				CLANG_ENABLE_OBJC_ARC = YES;
				CLANG_ENABLE_OBJC_WEAK = YES;
				CLANG_WARN_BLOCK_CAPTURE_AUTORELEASING = YES;
				CLANG_WARN_BOOL_CONVERSION = YES;
				CLANG_WARN_COMMA = YES;
				CLANG_WARN_CONSTANT_CONVERSION = YES;
				CLANG_WARN_DEPRECATED_OBJC_IMPLEMENTATIONS = YES;
				CLANG_WARN_DIRECT_OBJC_ISA_USAGE = YES_ERROR;
				CLANG_WARN_DOCUMENTATION_COMMENTS = YES;
				CLANG_WARN_EMPTY_BODY = YES;
				CLANG_WARN_ENUM_CONVERSION = YES;
				CLANG_WARN_INFINITE_RECURSION = YES;
				CLANG_WARN_INT_CONVERSION = YES;
				CLANG_WARN_NON_LITERAL_NULL_CONVERSION = YES;
				CLANG_WARN_OBJC_IMPLICIT_RETAIN_SELF = YES;
				CLANG_WARN_OBJC_LITERAL_CONVERSION = YES;
				CLANG_WARN_OBJC_ROOT_CLASS = YES_ERROR;
				CLANG_WARN_RANGE_LOOP_ANALYSIS = YES;
				CLANG_WARN_STRICT_PROTOTYPES = YES;
				CLANG_WARN_SUSPICIOUS_MOVE = YES;
				CLANG_WARN_UNGUARDED_AVAILABILITY = YES_AGGRESSIVE;
				CLANG_WARN_UNREACHABLE_CODE = YES;
				CLANG_WARN__DUPLICATE_METHOD_MATCH = YES;
				CODE_SIGN_IDENTITY = "iPhone Developer";
				COPY_PHASE_STRIP = NO;
				DEBUG_INFORMATION_FORMAT = dwarf;
				ENABLE_STRICT_OBJC_MSGSEND = YES;
				ENABLE_TESTABILITY = YES;
				GCC_C_LANGUAGE_STANDARD = gnu11;
				GCC_DYNAMIC_NO_PIC = NO;
				GCC_NO_COMMON_BLOCKS = YES;
				GCC_OPTIMIZATION_LEVEL = 0;
				GCC_PREPROCESSOR_DEFINITIONS = (
					"DEBUG=1",
					"$(inherited)",
				);
				GCC_WARN_64_TO_32_BIT_CONVERSION = YES;
				GCC_WARN_ABOUT_RETURN_TYPE = YES_ERROR;
				GCC_WARN_UNDECLARED_SELECTOR = YES;
				GCC_WARN_UNINITIALIZED_AUTOS = YES_AGGRESSIVE;
				GCC_WARN_UNUSED_FUNCTION = YES;
				GCC_WARN_UNUSED_VARIABLE = YES;
				IPHONEOS_DEPLOYMENT_TARGET = 12.2;
				MTL_ENABLE_DEBUG_INFO = INCLUDE_SOURCE;
				MTL_FAST_MATH = YES;
				ONLY_ACTIVE_ARCH = YES;
				SDKROOT = iphoneos;
				SWIFT_ACTIVE_COMPILATION_CONDITIONS = DEBUG;
				SWIFT_OPTIMIZATION_LEVEL = "-Onone";
			};
			name = Debug;
		};
		9BACC31F22F02AEA008761FC /* Release */ = {
			isa = XCBuildConfiguration;
			buildSettings = {
				ALWAYS_SEARCH_USER_PATHS = NO;
				CLANG_ANALYZER_LOCALIZABILITY_NONLOCALIZED = YES;
				CLANG_ANALYZER_NONNULL = YES;
				CLANG_ANALYZER_NUMBER_OBJECT_CONVERSION = YES_AGGRESSIVE;
				CLANG_CXX_LANGUAGE_STANDARD = "gnu++14";
				CLANG_CXX_LIBRARY = "libc++";
				CLANG_ENABLE_MODULES = YES;
				CLANG_ENABLE_OBJC_ARC = YES;
				CLANG_ENABLE_OBJC_WEAK = YES;
				CLANG_WARN_BLOCK_CAPTURE_AUTORELEASING = YES;
				CLANG_WARN_BOOL_CONVERSION = YES;
				CLANG_WARN_COMMA = YES;
				CLANG_WARN_CONSTANT_CONVERSION = YES;
				CLANG_WARN_DEPRECATED_OBJC_IMPLEMENTATIONS = YES;
				CLANG_WARN_DIRECT_OBJC_ISA_USAGE = YES_ERROR;
				CLANG_WARN_DOCUMENTATION_COMMENTS = YES;
				CLANG_WARN_EMPTY_BODY = YES;
				CLANG_WARN_ENUM_CONVERSION = YES;
				CLANG_WARN_INFINITE_RECURSION = YES;
				CLANG_WARN_INT_CONVERSION = YES;
				CLANG_WARN_NON_LITERAL_NULL_CONVERSION = YES;
				CLANG_WARN_OBJC_IMPLICIT_RETAIN_SELF = YES;
				CLANG_WARN_OBJC_LITERAL_CONVERSION = YES;
				CLANG_WARN_OBJC_ROOT_CLASS = YES_ERROR;
				CLANG_WARN_RANGE_LOOP_ANALYSIS = YES;
				CLANG_WARN_STRICT_PROTOTYPES = YES;
				CLANG_WARN_SUSPICIOUS_MOVE = YES;
				CLANG_WARN_UNGUARDED_AVAILABILITY = YES_AGGRESSIVE;
				CLANG_WARN_UNREACHABLE_CODE = YES;
				CLANG_WARN__DUPLICATE_METHOD_MATCH = YES;
				CODE_SIGN_IDENTITY = "iPhone Developer";
				COPY_PHASE_STRIP = NO;
				DEBUG_INFORMATION_FORMAT = "dwarf-with-dsym";
				ENABLE_NS_ASSERTIONS = NO;
				ENABLE_STRICT_OBJC_MSGSEND = YES;
				GCC_C_LANGUAGE_STANDARD = gnu11;
				GCC_NO_COMMON_BLOCKS = YES;
				GCC_WARN_64_TO_32_BIT_CONVERSION = YES;
				GCC_WARN_ABOUT_RETURN_TYPE = YES_ERROR;
				GCC_WARN_UNDECLARED_SELECTOR = YES;
				GCC_WARN_UNINITIALIZED_AUTOS = YES_AGGRESSIVE;
				GCC_WARN_UNUSED_FUNCTION = YES;
				GCC_WARN_UNUSED_VARIABLE = YES;
				IPHONEOS_DEPLOYMENT_TARGET = 12.2;
				MTL_ENABLE_DEBUG_INFO = NO;
				MTL_FAST_MATH = YES;
				SDKROOT = iphoneos;
				SWIFT_COMPILATION_MODE = wholemodule;
				SWIFT_OPTIMIZATION_LEVEL = "-O";
				VALIDATE_PRODUCT = YES;
			};
			name = Release;
		};
		9BACC32122F02AEA008761FC /* Debug */ = {
			isa = XCBuildConfiguration;
			baseConfigurationReference = E3BFFA2A92691491FC899AFF /* Pods-HomeEdu.debug.xcconfig */;
			buildSettings = {
				ASSETCATALOG_COMPILER_APPICON_NAME = AppIcon;
				CODE_SIGN_STYLE = Manual;
				DEVELOPMENT_TEAM = "";
				INFOPLIST_FILE = HomeEdu/Info.plist;
				LD_RUNPATH_SEARCH_PATHS = (
					"$(inherited)",
					"@executable_path/Frameworks",
				);
				PRODUCT_BUNDLE_IDENTIFIER = com.homedu.debug;
				PRODUCT_NAME = "$(TARGET_NAME)";
				PROVISIONING_PROFILE_SPECIFIER = "";
				SWIFT_INCLUDE_PATHS = "-DDebug";
				SWIFT_VERSION = 5.0;
				TARGETED_DEVICE_FAMILY = "1,2";
			};
			name = Debug;
		};
		9BACC32222F02AEA008761FC /* Release */ = {
			isa = XCBuildConfiguration;
			baseConfigurationReference = 9CD7AB7C67BB50A08B4BECB4 /* Pods-HomeEdu.release.xcconfig */;
			buildSettings = {
				ASSETCATALOG_COMPILER_APPICON_NAME = AppIcon;
				CODE_SIGN_STYLE = Manual;
				DEVELOPMENT_TEAM = "";
				INFOPLIST_FILE = HomeEdu/Info.plist;
				LD_RUNPATH_SEARCH_PATHS = (
					"$(inherited)",
					"@executable_path/Frameworks",
				);
				PRODUCT_BUNDLE_IDENTIFIER = com.homedu.release;
				PRODUCT_NAME = "$(TARGET_NAME)";
				PROVISIONING_PROFILE_SPECIFIER = "";
				SWIFT_INCLUDE_PATHS = "-DRelease";
				SWIFT_VERSION = 5.0;
				TARGETED_DEVICE_FAMILY = "1,2";
			};
			name = Release;
		};
/* End XCBuildConfiguration section */

/* Begin XCConfigurationList section */
		9BACC30922F02AEA008761FC /* Build configuration list for PBXProject "HomeEdu" */ = {
			isa = XCConfigurationList;
			buildConfigurations = (
				9BACC31E22F02AEA008761FC /* Debug */,
				2565AE7522F292BF0003620A /* Production */,
				2565AE7322F292BA0003620A /* Testing */,
				2565AE7122F292B00003620A /* Staging */,
				9BACC31F22F02AEA008761FC /* Release */,
			);
			defaultConfigurationIsVisible = 0;
			defaultConfigurationName = Release;
		};
		9BACC32022F02AEA008761FC /* Build configuration list for PBXNativeTarget "HomeEdu" */ = {
			isa = XCConfigurationList;
			buildConfigurations = (
				9BACC32122F02AEA008761FC /* Debug */,
				2565AE7622F292BF0003620A /* Production */,
				2565AE7422F292BA0003620A /* Testing */,
				2565AE7222F292B00003620A /* Staging */,
				9BACC32222F02AEA008761FC /* Release */,
			);
			defaultConfigurationIsVisible = 0;
			defaultConfigurationName = Release;
		};
/* End XCConfigurationList section */
	};
	rootObject = 9BACC30622F02AEA008761FC /* Project object */;
}
